
Microsoft Visual Studio Solution File, Format Version 12.00
# Visual Studio 2013
VisualStudioVersion = 12.0.30501.0
MinimumVisualStudioVersion = 10.0.40219.1
Project("{E24C65DC-7377-472B-9ABA-BC803B73C61A}") = "JStest", "http://localhost:6596", "{1224F4B8-7F54-4720-93FB-D466AE6CB535}"
	ProjectSection(WebsiteProperties) = preProject
		UseIISExpress = "true"
		TargetFrameworkMoniker = ".NETFramework,Version%3Dv4.0"
		Debug.AspNetCompiler.VirtualPath = "/localhost_6596"
		Debug.AspNetCompiler.PhysicalPath = "D:\Private\PrivateProject\JStest\"
		Debug.AspNetCompiler.TargetPath = "PrecompiledWeb\localhost_6596\"
		Debug.AspNetCompiler.Updateable = "true"
		Debug.AspNetCompiler.ForceOverwrite = "true"
		Debug.AspNetCompiler.FixedNames = "false"
		Debug.AspNetCompiler.Debug = "True"
		Release.AspNetCompiler.VirtualPath = "/localhost_6596"
		Release.AspNetCompiler.PhysicalPath = "D:\Private\PrivateProject\JStest\"
		Release.AspNetCompiler.TargetPath = "PrecompiledWeb\localhost_6596\"
		Release.AspNetCompiler.Updateable = "true"
		Release.AspNetCompiler.ForceOverwrite = "true"
		Release.AspNetCompiler.FixedNames = "false"
		Release.AspNetCompiler.Debug = "False"
		SlnRelativePath = "D:\Private\PrivateProject\JStest\"
	EndProjectSection
EndProject
Global
	GlobalSection(SolutionConfigurationPlatforms) = preSolution
		Debug|Any CPU = Debug|Any CPU
	EndGlobalSection
	GlobalSection(ProjectConfigurationPlatforms) = postSolution
		{1224F4B8-7F54-4720-93FB-D466AE6CB535}.Debug|Any CPU.ActiveCfg = Debug|Any CPU
		{1224F4B8-7F54-4720-93FB-D466AE6CB535}.Debug|Any CPU.Build.0 = Debug|Any CPU
	EndGlobalSection
	GlobalSection(SolutionProperties) = preSolution
		HideSolutionNode = FALSE
	EndGlobalSection
EndGlobal
